// !$*UTF8*$!
{
	archiveVersion = 1;
	classes = {
	};
	objectVersion = 56;
	objects = {

/* Begin PBXBuildFile section */
		9839DD48290944A300B4A43A /* AppDelegate.swift in Sources */ = {isa = PBXBuildFile; fileRef = 9839DD47290944A300B4A43A /* AppDelegate.swift */; };
		9839DD4A290944A300B4A43A /* SceneDelegate.swift in Sources */ = {isa = PBXBuildFile; fileRef = 9839DD49290944A300B4A43A /* SceneDelegate.swift */; };
		9839DD4C290944A300B4A43A /* MainListingViewController.swift in Sources */ = {isa = PBXBuildFile; fileRef = 9839DD4B290944A300B4A43A /* MainListingViewController.swift */; };
		9839DD4F290944A300B4A43A /* Main.storyboard in Resources */ = {isa = PBXBuildFile; fileRef = 9839DD4D290944A300B4A43A /* Main.storyboard */; };
		9839DD51290944A500B4A43A /* Assets.xcassets in Resources */ = {isa = PBXBuildFile; fileRef = 9839DD50290944A500B4A43A /* Assets.xcassets */; };
		9839DD54290944A500B4A43A /* LaunchScreen.storyboard in Resources */ = {isa = PBXBuildFile; fileRef = 9839DD52290944A500B4A43A /* LaunchScreen.storyboard */; };
		985B3EB1290945A20022166A /* BaseViewController.swift in Sources */ = {isa = PBXBuildFile; fileRef = 985B3EB0290945A20022166A /* BaseViewController.swift */; };
		985B3EB6290946790022166A /* MainCoordinator.swift in Sources */ = {isa = PBXBuildFile; fileRef = 985B3EB5290946790022166A /* MainCoordinator.swift */; };
		985B3EB82909469F0022166A /* Destination.swift in Sources */ = {isa = PBXBuildFile; fileRef = 985B3EB72909469F0022166A /* Destination.swift */; };
		985B3EBA2909473A0022166A /* BaseViewControllerWithNavigation.swift in Sources */ = {isa = PBXBuildFile; fileRef = 985B3EB92909473A0022166A /* BaseViewControllerWithNavigation.swift */; };
		985B3EBC290948910022166A /* BaseCoordinator.swift in Sources */ = {isa = PBXBuildFile; fileRef = 985B3EBB290948910022166A /* BaseCoordinator.swift */; };
/* End PBXBuildFile section */

/* Begin PBXFileReference section */
		9839DD44290944A300B4A43A /* Petfinder.app */ = {isa = PBXFileReference; explicitFileType = wrapper.application; includeInIndex = 0; path = Petfinder.app; sourceTree = BUILT_PRODUCTS_DIR; };
		9839DD47290944A300B4A43A /* AppDelegate.swift */ = {isa = PBXFileReference; lastKnownFileType = sourcecode.swift; path = AppDelegate.swift; sourceTree = "<group>"; };
		9839DD49290944A300B4A43A /* SceneDelegate.swift */ = {isa = PBXFileReference; lastKnownFileType = sourcecode.swift; path = SceneDelegate.swift; sourceTree = "<group>"; };
		9839DD4B290944A300B4A43A /* MainListingViewController.swift */ = {isa = PBXFileReference; lastKnownFileType = sourcecode.swift; path = MainListingViewController.swift; sourceTree = "<group>"; };
		9839DD4E290944A300B4A43A /* Base */ = {isa = PBXFileReference; lastKnownFileType = file.storyboard; name = Base; path = Base.lproj/Main.storyboard; sourceTree = "<group>"; };
		9839DD50290944A500B4A43A /* Assets.xcassets */ = {isa = PBXFileReference; lastKnownFileType = folder.assetcatalog; path = Assets.xcassets; sourceTree = "<group>"; };
		9839DD53290944A500B4A43A /* Base */ = {isa = PBXFileReference; lastKnownFileType = file.storyboard; name = Base; path = Base.lproj/LaunchScreen.storyboard; sourceTree = "<group>"; };
		9839DD55290944A500B4A43A /* Info.plist */ = {isa = PBXFileReference; lastKnownFileType = text.plist.xml; path = Info.plist; sourceTree = "<group>"; };
		985B3EB0290945A20022166A /* BaseViewController.swift */ = {isa = PBXFileReference; lastKnownFileType = sourcecode.swift; path = BaseViewController.swift; sourceTree = "<group>"; };
		985B3EB5290946790022166A /* MainCoordinator.swift */ = {isa = PBXFileReference; lastKnownFileType = sourcecode.swift; path = MainCoordinator.swift; sourceTree = "<group>"; };
		985B3EB72909469F0022166A /* Destination.swift */ = {isa = PBXFileReference; lastKnownFileType = sourcecode.swift; path = Destination.swift; sourceTree = "<group>"; };
		985B3EB92909473A0022166A /* BaseViewControllerWithNavigation.swift */ = {isa = PBXFileReference; lastKnownFileType = sourcecode.swift; path = BaseViewControllerWithNavigation.swift; sourceTree = "<group>"; };
		985B3EBB290948910022166A /* BaseCoordinator.swift */ = {isa = PBXFileReference; lastKnownFileType = sourcecode.swift; path = BaseCoordinator.swift; sourceTree = "<group>"; };
/* End PBXFileReference section */

/* Begin PBXFrameworksBuildPhase section */
		9839DD41290944A300B4A43A /* Frameworks */ = {
			isa = PBXFrameworksBuildPhase;
			buildActionMask = 2147483647;
			files = (
			);
			runOnlyForDeploymentPostprocessing = 0;
		};
/* End PBXFrameworksBuildPhase section */

/* Begin PBXGroup section */
		9839DD3B290944A300B4A43A = {
			isa = PBXGroup;
			children = (
				9839DD46290944A300B4A43A /* Petfinder */,
				9839DD45290944A300B4A43A /* Products */,
			);
			sourceTree = "<group>";
		};
		9839DD45290944A300B4A43A /* Products */ = {
			isa = PBXGroup;
			children = (
				9839DD44290944A300B4A43A /* Petfinder.app */,
			);
			name = Products;
			sourceTree = "<group>";
		};
		9839DD46290944A300B4A43A /* Petfinder */ = {
			isa = PBXGroup;
			children = (
				985B3EAC290945820022166A /* Base */,
				985B3EAB2909455E0022166A /* Resources */,
				985B3EB2290945B90022166A /* MainListing */,
				9839DD55290944A500B4A43A /* Info.plist */,
			);
			path = Petfinder;
			sourceTree = "<group>";
		};
		985B3EAB2909455E0022166A /* Resources */ = {
			isa = PBXGroup;
			children = (
				9839DD47290944A300B4A43A /* AppDelegate.swift */,
				9839DD49290944A300B4A43A /* SceneDelegate.swift */,
				9839DD4D290944A300B4A43A /* Main.storyboard */,
				9839DD50290944A500B4A43A /* Assets.xcassets */,
				9839DD52290944A500B4A43A /* LaunchScreen.storyboard */,
			);
			path = Resources;
			sourceTree = "<group>";
		};
		985B3EAC290945820022166A /* Base */ = {
			isa = PBXGroup;
			children = (
				985B3EB4290946700022166A /* Coordinator */,
				985B3EB3290945CA0022166A /* HttpService */,
				985B3EAF290945930022166A /* Controllers */,
			);
			path = Base;
			sourceTree = "<group>";
		};
		985B3EAF290945930022166A /* Controllers */ = {
			isa = PBXGroup;
			children = (
				985B3EB0290945A20022166A /* BaseViewController.swift */,
				985B3EB92909473A0022166A /* BaseViewControllerWithNavigation.swift */,
			);
			path = Controllers;
			sourceTree = "<group>";
		};
		985B3EB2290945B90022166A /* MainListing */ = {
			isa = PBXGroup;
			children = (
				9839DD4B290944A300B4A43A /* MainListingViewController.swift */,
			);
			path = MainListing;
			sourceTree = "<group>";
		};
		985B3EB3290945CA0022166A /* HttpService */ = {
			isa = PBXGroup;
			children = (
			);
			path = HttpService;
			sourceTree = "<group>";
		};
		985B3EB4290946700022166A /* Coordinator */ = {
			isa = PBXGroup;
			children = (
				985B3EB5290946790022166A /* MainCoordinator.swift */,
				985B3EB72909469F0022166A /* Destination.swift */,
				985B3EBB290948910022166A /* BaseCoordinator.swift */,
			);
			path = Coordinator;
			sourceTree = "<group>";
		};
/* End PBXGroup section */

/* Begin PBXNativeTarget section */
		9839DD43290944A300B4A43A /* Petfinder */ = {
			isa = PBXNativeTarget;
			buildConfigurationList = 9839DD58290944A500B4A43A /* Build configuration list for PBXNativeTarget "Petfinder" */;
			buildPhases = (
				9839DD40290944A300B4A43A /* Sources */,
				9839DD41290944A300B4A43A /* Frameworks */,
				9839DD42290944A300B4A43A /* Resources */,
			);
			buildRules = (
			);
			dependencies = (
			);
			name = Petfinder;
			productName = Petfinder;
			productReference = 9839DD44290944A300B4A43A /* Petfinder.app */;
			productType = "com.apple.product-type.application";
		};
/* End PBXNativeTarget section */

/* Begin PBXProject section */
		9839DD3C290944A300B4A43A /* Project object */ = {
			isa = PBXProject;
			attributes = {
				BuildIndependentTargetsInParallel = 1;
				LastSwiftUpdateCheck = 1400;
				LastUpgradeCheck = 1400;
				TargetAttributes = {
					9839DD43290944A300B4A43A = {
						CreatedOnToolsVersion = 14.0.1;
					};
				};
			};
			buildConfigurationList = 9839DD3F290944A300B4A43A /* Build configuration list for PBXProject "Petfinder" */;
			compatibilityVersion = "Xcode 14.0";
			developmentRegion = en;
			hasScannedForEncodings = 0;
			knownRegions = (
				en,
				Base,
			);
			mainGroup = 9839DD3B290944A300B4A43A;
			productRefGroup = 9839DD45290944A300B4A43A /* Products */;
			projectDirPath = "";
			projectRoot = "";
			targets = (
				9839DD43290944A300B4A43A /* Petfinder */,
			);
		};
/* End PBXProject section */

/* Begin PBXResourcesBuildPhase section */
		9839DD42290944A300B4A43A /* Resources */ = {
			isa = PBXResourcesBuildPhase;
			buildActionMask = 2147483647;
			files = (
				9839DD54290944A500B4A43A /* LaunchScreen.storyboard in Resources */,
				9839DD51290944A500B4A43A /* Assets.xcassets in Resources */,
				9839DD4F290944A300B4A43A /* Main.storyboard in Resources */,
			);
			runOnlyForDeploymentPostprocessing = 0;
		};
/* End PBXResourcesBuildPhase section */

/* Begin PBXSourcesBuildPhase section */
		9839DD40290944A300B4A43A /* Sources */ = {
			isa = PBXSourcesBuildPhase;
			buildActionMask = 2147483647;
			files = (
				9839DD4C290944A300B4A43A /* MainListingViewController.swift in Sources */,
				985B3EB1290945A20022166A /* BaseViewController.swift in Sources */,
				985B3EBA2909473A0022166A /* BaseViewControllerWithNavigation.swift in Sources */,
				985B3EB82909469F0022166A /* Destination.swift in Sources */,
				9839DD48290944A300B4A43A /* AppDelegate.swift in Sources */,
				985B3EB6290946790022166A /* MainCoordinator.swift in Sources */,
				9839DD4A290944A300B4A43A /* SceneDelegate.swift in Sources */,
				985B3EBC290948910022166A /* BaseCoordinator.swift in Sources */,
			);
			runOnlyForDeploymentPostprocessing = 0;
		};
/* End PBXSourcesBuildPhase section */

/* Begin PBXVariantGroup section */
		9839DD4D290944A300B4A43A /* Main.storyboard */ = {
			isa = PBXVariantGroup;
			children = (
				9839DD4E290944A300B4A43A /* Base */,
			);
			name = Main.storyboard;
			sourceTree = "<group>";
		};
		9839DD52290944A500B4A43A /* LaunchScreen.storyboard */ = {
			isa = PBXVariantGroup;
			children = (
				9839DD53290944A500B4A43A /* Base */,
			);
			name = LaunchScreen.storyboard;
			sourceTree = "<group>";
		};
/* End PBXVariantGroup section */

/* Begin XCBuildConfiguration section */
		9839DD56290944A500B4A43A /* Debug */ = {
			isa = XCBuildConfiguration;
			buildSettings = {
				ALWAYS_SEARCH_USER_PATHS = NO;
				CLANG_ANALYZER_NONNULL = YES;
				CLANG_ANALYZER_NUMBER_OBJECT_CONVERSION = YES_AGGRESSIVE;
				CLANG_CXX_LANGUAGE_STANDARD = "gnu++20";
				CLANG_ENABLE_MODULES = YES;
				CLANG_ENABLE_OBJC_ARC = YES;
				CLANG_ENABLE_OBJC_WEAK = YES;
				CLANG_WARN_BLOCK_CAPTURE_AUTORELEASING = YES;
				CLANG_WARN_BOOL_CONVERSION = YES;
				CLANG_WARN_COMMA = YES;
				CLANG_WARN_CONSTANT_CONVERSION = YES;
				CLANG_WARN_DEPRECATED_OBJC_IMPLEMENTATIONS = YES;
				CLANG_WARN_DIRECT_OBJC_ISA_USAGE = YES_ERROR;
				CLANG_WARN_DOCUMENTATION_COMMENTS = YES;
				CLANG_WARN_EMPTY_BODY = YES;
				CLANG_WARN_ENUM_CONVERSION = YES;
				CLANG_WARN_INFINITE_RECURSION = YES;
				CLANG_WARN_INT_CONVERSION = YES;
				CLANG_WARN_NON_LITERAL_NULL_CONVERSION = YES;
				CLANG_WARN_OBJC_IMPLICIT_RETAIN_SELF = YES;
				CLANG_WARN_OBJC_LITERAL_CONVERSION = YES;
				CLANG_WARN_OBJC_ROOT_CLASS = YES_ERROR;
				CLANG_WARN_QUOTED_INCLUDE_IN_FRAMEWORK_HEADER = YES;
				CLANG_WARN_RANGE_LOOP_ANALYSIS = YES;
				CLANG_WARN_STRICT_PROTOTYPES = YES;
				CLANG_WARN_SUSPICIOUS_MOVE = YES;
				CLANG_WARN_UNGUARDED_AVAILABILITY = YES_AGGRESSIVE;
				CLANG_WARN_UNREACHABLE_CODE = YES;
				CLANG_WARN__DUPLICATE_METHOD_MATCH = YES;
				COPY_PHASE_STRIP = NO;
				DEBUG_INFORMATION_FORMAT = dwarf;
				ENABLE_STRICT_OBJC_MSGSEND = YES;
				ENABLE_TESTABILITY = YES;
				GCC_C_LANGUAGE_STANDARD = gnu11;
				GCC_DYNAMIC_NO_PIC = NO;
				GCC_NO_COMMON_BLOCKS = YES;
				GCC_OPTIMIZATION_LEVEL = 0;
				GCC_PREPROCESSOR_DEFINITIONS = (
					"DEBUG=1",
					"$(inherited)",
				);
				GCC_WARN_64_TO_32_BIT_CONVERSION = YES;
				GCC_WARN_ABOUT_RETURN_TYPE = YES_ERROR;
				GCC_WARN_UNDECLARED_SELECTOR = YES;
				GCC_WARN_UNINITIALIZED_AUTOS = YES_AGGRESSIVE;
				GCC_WARN_UNUSED_FUNCTION = YES;
				GCC_WARN_UNUSED_VARIABLE = YES;
				IPHONEOS_DEPLOYMENT_TARGET = 16.0;
				MTL_ENABLE_DEBUG_INFO = INCLUDE_SOURCE;
				MTL_FAST_MATH = YES;
				ONLY_ACTIVE_ARCH = YES;
				SDKROOT = iphoneos;
				SWIFT_ACTIVE_COMPILATION_CONDITIONS = DEBUG;
				SWIFT_OPTIMIZATION_LEVEL = "-Onone";
			};
			name = Debug;
		};
		9839DD57290944A500B4A43A /* Release */ = {
			isa = XCBuildConfiguration;
			buildSettings = {
				ALWAYS_SEARCH_USER_PATHS = NO;
				CLANG_ANALYZER_NONNULL = YES;
				CLANG_ANALYZER_NUMBER_OBJECT_CONVERSION = YES_AGGRESSIVE;
				CLANG_CXX_LANGUAGE_STANDARD = "gnu++20";
				CLANG_ENABLE_MODULES = YES;
				CLANG_ENABLE_OBJC_ARC = YES;
				CLANG_ENABLE_OBJC_WEAK = YES;
				CLANG_WARN_BLOCK_CAPTURE_AUTORELEASING = YES;
				CLANG_WARN_BOOL_CONVERSION = YES;
				CLANG_WARN_COMMA = YES;
				CLANG_WARN_CONSTANT_CONVERSION = YES;
				CLANG_WARN_DEPRECATED_OBJC_IMPLEMENTATIONS = YES;
				CLANG_WARN_DIRECT_OBJC_ISA_USAGE = YES_ERROR;
				CLANG_WARN_DOCUMENTATION_COMMENTS = YES;
				CLANG_WARN_EMPTY_BODY = YES;
				CLANG_WARN_ENUM_CONVERSION = YES;
				CLANG_WARN_INFINITE_RECURSION = YES;
				CLANG_WARN_INT_CONVERSION = YES;
				CLANG_WARN_NON_LITERAL_NULL_CONVERSION = YES;
				CLANG_WARN_OBJC_IMPLICIT_RETAIN_SELF = YES;
				CLANG_WARN_OBJC_LITERAL_CONVERSION = YES;
				CLANG_WARN_OBJC_ROOT_CLASS = YES_ERROR;
				CLANG_WARN_QUOTED_INCLUDE_IN_FRAMEWORK_HEADER = YES;
				CLANG_WARN_RANGE_LOOP_ANALYSIS = YES;
				CLANG_WARN_STRICT_PROTOTYPES = YES;
				CLANG_WARN_SUSPICIOUS_MOVE = YES;
				CLANG_WARN_UNGUARDED_AVAILABILITY = YES_AGGRESSIVE;
				CLANG_WARN_UNREACHABLE_CODE = YES;
				CLANG_WARN__DUPLICATE_METHOD_MATCH = YES;
				COPY_PHASE_STRIP = NO;
				DEBUG_INFORMATION_FORMAT = "dwarf-with-dsym";
				ENABLE_NS_ASSERTIONS = NO;
				ENABLE_STRICT_OBJC_MSGSEND = YES;
				GCC_C_LANGUAGE_STANDARD = gnu11;
				GCC_NO_COMMON_BLOCKS = YES;
				GCC_WARN_64_TO_32_BIT_CONVERSION = YES;
				GCC_WARN_ABOUT_RETURN_TYPE = YES_ERROR;
				GCC_WARN_UNDECLARED_SELECTOR = YES;
				GCC_WARN_UNINITIALIZED_AUTOS = YES_AGGRESSIVE;
				GCC_WARN_UNUSED_FUNCTION = YES;
				GCC_WARN_UNUSED_VARIABLE = YES;
				IPHONEOS_DEPLOYMENT_TARGET = 16.0;
				MTL_ENABLE_DEBUG_INFO = NO;
				MTL_FAST_MATH = YES;
				SDKROOT = iphoneos;
				SWIFT_COMPILATION_MODE = wholemodule;
				SWIFT_OPTIMIZATION_LEVEL = "-O";
				VALIDATE_PRODUCT = YES;
			};
			name = Release;
		};
		9839DD59290944A500B4A43A /* Debug */ = {
			isa = XCBuildConfiguration;
			buildSettings = {
				ASSETCATALOG_COMPILER_APPICON_NAME = AppIcon;
				ASSETCATALOG_COMPILER_GLOBAL_ACCENT_COLOR_NAME = AccentColor;
				CODE_SIGN_STYLE = Automatic;
				CURRENT_PROJECT_VERSION = 1;
				DEVELOPMENT_TEAM = QJU8QY9SND;
				GENERATE_INFOPLIST_FILE = YES;
				INFOPLIST_FILE = Petfinder/Info.plist;
				INFOPLIST_KEY_UIApplicationSupportsIndirectInputEvents = YES;
				INFOPLIST_KEY_UILaunchStoryboardName = LaunchScreen;
				INFOPLIST_KEY_UIMainStoryboardFile = Main;
				INFOPLIST_KEY_UISupportedInterfaceOrientations_iPad = "UIInterfaceOrientationPortrait UIInterfaceOrientationPortraitUpsideDown UIInterfaceOrientationLandscapeLeft UIInterfaceOrientationLandscapeRight";
				INFOPLIST_KEY_UISupportedInterfaceOrientations_iPhone = "UIInterfaceOrientationPortrait UIInterfaceOrientationLandscapeLeft UIInterfaceOrientationLandscapeRight";
				LD_RUNPATH_SEARCH_PATHS = (
					"$(inherited)",
					"@executable_path/Frameworks",
				);
				MARKETING_VERSION = 1.0;
				PRODUCT_BUNDLE_IDENTIFIER = tigran.Petfinder;
				PRODUCT_NAME = "$(TARGET_NAME)";
				SWIFT_EMIT_LOC_STRINGS = YES;
				SWIFT_VERSION = 5.0;
				TARGETED_DEVICE_FAMILY = "1,2";
			};
			name = Debug;
		};
		9839DD5A290944A500B4A43A /* Release */ = {
			isa = XCBuildConfiguration;
			buildSettings = {
				ASSETCATALOG_COMPILER_APPICON_NAME = AppIcon;
				ASSETCATALOG_COMPILER_GLOBAL_ACCENT_COLOR_NAME = AccentColor;
				CODE_SIGN_STYLE = Automatic;
				CURRENT_PROJECT_VERSION = 1;
				DEVELOPMENT_TEAM = QJU8QY9SND;
				GENERATE_INFOPLIST_FILE = YES;
				INFOPLIST_FILE = Petfinder/Info.plist;
				INFOPLIST_KEY_UIApplicationSupportsIndirectInputEvents = YES;
				INFOPLIST_KEY_UILaunchStoryboardName = LaunchScreen;
				INFOPLIST_KEY_UIMainStoryboardFile = Main;
				INFOPLIST_KEY_UISupportedInterfaceOrientations_iPad = "UIInterfaceOrientationPortrait UIInterfaceOrientationPortraitUpsideDown UIInterfaceOrientationLandscapeLeft UIInterfaceOrientationLandscapeRight";
				INFOPLIST_KEY_UISupportedInterfaceOrientations_iPhone = "UIInterfaceOrientationPortrait UIInterfaceOrientationLandscapeLeft UIInterfaceOrientationLandscapeRight";
				LD_RUNPATH_SEARCH_PATHS = (
					"$(inherited)",
					"@executable_path/Frameworks",
				);
				MARKETING_VERSION = 1.0;
				PRODUCT_BUNDLE_IDENTIFIER = tigran.Petfinder;
				PRODUCT_NAME = "$(TARGET_NAME)";
				SWIFT_EMIT_LOC_STRINGS = YES;
				SWIFT_VERSION = 5.0;
				TARGETED_DEVICE_FAMILY = "1,2";
			};
			name = Release;
		};
/* End XCBuildConfiguration section */

/* Begin XCConfigurationList section */
		9839DD3F290944A300B4A43A /* Build configuration list for PBXProject "Petfinder" */ = {
			isa = XCConfigurationList;
			buildConfigurations = (
				9839DD56290944A500B4A43A /* Debug */,
				9839DD57290944A500B4A43A /* Release */,
			);
			defaultConfigurationIsVisible = 0;
			defaultConfigurationName = Release;
		};
		9839DD58290944A500B4A43A /* Build configuration list for PBXNativeTarget "Petfinder" */ = {
			isa = XCConfigurationList;
			buildConfigurations = (
				9839DD59290944A500B4A43A /* Debug */,
				9839DD5A290944A500B4A43A /* Release */,
			);
			defaultConfigurationIsVisible = 0;
			defaultConfigurationName = Release;
		};
/* End XCConfigurationList section */
	};
	rootObject = 9839DD3C290944A300B4A43A /* Project object */;
}
